
Microsoft Visual Studio Solution File, Format Version 12.00
# Visual Studio Version 17
VisualStudioVersion = 17.0.31903.59
MinimumVisualStudioVersion = 10.0.40219.1
Project("{FAE04EC0-301F-11D3-BF4B-00C04F79EFBC}") = "web", "web\web.csproj", "{4996AFC8-1FCA-4199-BB89-EF4CDF29AD9A}"
EndProject
Project("{FAE04EC0-301F-11D3-BF4B-00C04F79EFBC}") = "api", "api\api.csproj", "{6A7AA9F9-9522-47E4-BFC6-0A0D968718D8}"
EndProject
Global
	GlobalSection(SolutionConfigurationPlatforms) = preSolution
		Debug|Any CPU = Debug|Any CPU
		Release|Any CPU = Release|Any CPU
	EndGlobalSection
	GlobalSection(SolutionProperties) = preSolution
		HideSolutionNode = FALSE
	EndGlobalSection
	GlobalSection(ProjectConfigurationPlatforms) = postSolution
		{4996AFC8-1FCA-4199-BB89-EF4CDF29AD9A}.Debug|Any CPU.ActiveCfg = Debug|Any CPU
		{4996AFC8-1FCA-4199-BB89-EF4CDF29AD9A}.Debug|Any CPU.Build.0 = Debug|Any CPU
		{4996AFC8-1FCA-4199-BB89-EF4CDF29AD9A}.Release|Any CPU.ActiveCfg = Release|Any CPU
		{4996AFC8-1FCA-4199-BB89-EF4CDF29AD9A}.Release|Any CPU.Build.0 = Release|Any CPU
		{6A7AA9F9-9522-47E4-BFC6-0A0D968718D8}.Debug|Any CPU.ActiveCfg = Debug|Any CPU
		{6A7AA9F9-9522-47E4-BFC6-0A0D968718D8}.Debug|Any CPU.Build.0 = Debug|Any CPU
		{6A7AA9F9-9522-47E4-BFC6-0A0D968718D8}.Release|Any CPU.ActiveCfg = Release|Any CPU
		{6A7AA9F9-9522-47E4-BFC6-0A0D968718D8}.Release|Any CPU.Build.0 = Release|Any CPU
	EndGlobalSection
EndGlobal
